{
  "lockfileVersion": 1,
  "workspaces": {
    "": {
      "dependencies": {
        "snakecase-keys": "^9.0.2",
      },
    },
  },
  "packages": {
    "change-case": ["change-case@5.4.4", "", {}, "sha512-HRQyTk2/YPEkt9TnUPbOpr64Uw3KOicFWPVBb+xiHvd6eBx/qPr9xqfBFDT8P2vWsvvz4jbEkfDe71W3VyNu2w=="],

    "map-obj": ["map-obj@5.0.2", "", {}, "sha512-K6K2NgKnTXimT3779/4KxSvobxOtMmx1LBZ3NwRxT/MDIR3Br/fQ4Q+WCX5QxjyUR8zg5+RV9Tbf2c5pAWTD2A=="],

    "snakecase-keys": ["snakecase-keys@9.0.2", "", { "dependencies": { "change-case": "^5.4.4", "map-obj": "^5.0.2", "type-fest": "^4.15.0" } }, "sha512-Tr4gONsDj1Pa6HJH9D3b411r6tuRyCGgb1l7YpzDFp/thjVSWs7rcbNjyTyRqJi5SUV23sFpzf9epIJRbLR6Yw=="],

    "type-fest": ["type-fest@4.41.0", "", {}, "sha512-TeTSQ6H5YHvpqVwBRcnLDCBnDOHWYu7IvGbHT6N8AOymcr9PJGjc1GTtiWZTYg0NCgYwvnYWEkVChQAr9bjfwA=="],
  }
}
